
Microsoft Visual Studio Solution File, Format Version 12.00
# Visual Studio Version 17
VisualStudioVersion = 17.6.33815.320
MinimumVisualStudioVersion = 10.0.40219.1
Project("{9A19103F-16F7-4668-BE54-9A1E7A4F7556}") = "Szorzotabla", "Szorzotabla\Szorzotabla.csproj", "{A5AC8C19-F379-4EA0-A2FC-AE3380BFF621}"
EndProject
Project("{9A19103F-16F7-4668-BE54-9A1E7A4F7556}") = "Fibonacci", "Fibonacci\Fibonacci.csproj", "{18785168-C8B3-4F38-8A19-E93C3E965517}"
EndProject
Project("{9A19103F-16F7-4668-BE54-9A1E7A4F7556}") = "HarmadikHet", "feladat\HarmadikHet.csproj", "{BACAA40C-C90D-49D5-B244-845C7AB8A3E0}"
EndProject
Project("{9A19103F-16F7-4668-BE54-9A1E7A4F7556}") = "HajósTesztes", "HajósTesztes\HajósTesztes.csproj", "{C1F9DF88-E04D-4DE7-98F2-D09090F116E4}"
EndProject
Project("{9A19103F-16F7-4668-BE54-9A1E7A4F7556}") = "snake", "snake\snake.csproj", "{83D8DFB6-5CB3-4229-B80B-1416C91C8F23}"
EndProject
Project("{9A19103F-16F7-4668-BE54-9A1E7A4F7556}") = "WinFormsApp1", "WinFormsApp1\WinFormsApp1.csproj", "{4749FFD2-3D29-4263-AD3F-EF7A1B59FE69}"
EndProject
Project("{9A19103F-16F7-4668-BE54-9A1E7A4F7556}") = "Adatkötés", "Adatkötés\Adatkötés.csproj", "{1D7F2DFC-EF93-43C8-B1E1-0329DBDFB2F0}"
EndProject
Project("{FAE04EC0-301F-11D3-BF4B-00C04F79EFBC}") = "mintaZH", "mintaZH\mintaZH.csproj", "{2D6628DD-9323-4FB1-8375-B800C93E4530}"
EndProject
Global
	GlobalSection(SolutionConfigurationPlatforms) = preSolution
		Debug|Any CPU = Debug|Any CPU
		Release|Any CPU = Release|Any CPU
	EndGlobalSection
	GlobalSection(ProjectConfigurationPlatforms) = postSolution
		{A5AC8C19-F379-4EA0-A2FC-AE3380BFF621}.Debug|Any CPU.ActiveCfg = Debug|Any CPU
		{A5AC8C19-F379-4EA0-A2FC-AE3380BFF621}.Debug|Any CPU.Build.0 = Debug|Any CPU
		{A5AC8C19-F379-4EA0-A2FC-AE3380BFF621}.Release|Any CPU.ActiveCfg = Release|Any CPU
		{A5AC8C19-F379-4EA0-A2FC-AE3380BFF621}.Release|Any CPU.Build.0 = Release|Any CPU
		{18785168-C8B3-4F38-8A19-E93C3E965517}.Debug|Any CPU.ActiveCfg = Debug|Any CPU
		{18785168-C8B3-4F38-8A19-E93C3E965517}.Debug|Any CPU.Build.0 = Debug|Any CPU
		{18785168-C8B3-4F38-8A19-E93C3E965517}.Release|Any CPU.ActiveCfg = Release|Any CPU
		{18785168-C8B3-4F38-8A19-E93C3E965517}.Release|Any CPU.Build.0 = Release|Any CPU
		{BACAA40C-C90D-49D5-B244-845C7AB8A3E0}.Debug|Any CPU.ActiveCfg = Debug|Any CPU
		{BACAA40C-C90D-49D5-B244-845C7AB8A3E0}.Debug|Any CPU.Build.0 = Debug|Any CPU
		{BACAA40C-C90D-49D5-B244-845C7AB8A3E0}.Release|Any CPU.ActiveCfg = Release|Any CPU
		{BACAA40C-C90D-49D5-B244-845C7AB8A3E0}.Release|Any CPU.Build.0 = Release|Any CPU
		{C1F9DF88-E04D-4DE7-98F2-D09090F116E4}.Debug|Any CPU.ActiveCfg = Debug|Any CPU
		{C1F9DF88-E04D-4DE7-98F2-D09090F116E4}.Debug|Any CPU.Build.0 = Debug|Any CPU
		{C1F9DF88-E04D-4DE7-98F2-D09090F116E4}.Release|Any CPU.ActiveCfg = Release|Any CPU
		{C1F9DF88-E04D-4DE7-98F2-D09090F116E4}.Release|Any CPU.Build.0 = Release|Any CPU
		{83D8DFB6-5CB3-4229-B80B-1416C91C8F23}.Debug|Any CPU.ActiveCfg = Debug|Any CPU
		{83D8DFB6-5CB3-4229-B80B-1416C91C8F23}.Debug|Any CPU.Build.0 = Debug|Any CPU
		{83D8DFB6-5CB3-4229-B80B-1416C91C8F23}.Release|Any CPU.ActiveCfg = Release|Any CPU
		{83D8DFB6-5CB3-4229-B80B-1416C91C8F23}.Release|Any CPU.Build.0 = Release|Any CPU
		{4749FFD2-3D29-4263-AD3F-EF7A1B59FE69}.Debug|Any CPU.ActiveCfg = Debug|Any CPU
		{4749FFD2-3D29-4263-AD3F-EF7A1B59FE69}.Debug|Any CPU.Build.0 = Debug|Any CPU
		{4749FFD2-3D29-4263-AD3F-EF7A1B59FE69}.Release|Any CPU.ActiveCfg = Release|Any CPU
		{4749FFD2-3D29-4263-AD3F-EF7A1B59FE69}.Release|Any CPU.Build.0 = Release|Any CPU
		{1D7F2DFC-EF93-43C8-B1E1-0329DBDFB2F0}.Debug|Any CPU.ActiveCfg = Debug|Any CPU
		{1D7F2DFC-EF93-43C8-B1E1-0329DBDFB2F0}.Debug|Any CPU.Build.0 = Debug|Any CPU
		{1D7F2DFC-EF93-43C8-B1E1-0329DBDFB2F0}.Release|Any CPU.ActiveCfg = Release|Any CPU
		{1D7F2DFC-EF93-43C8-B1E1-0329DBDFB2F0}.Release|Any CPU.Build.0 = Release|Any CPU
		{2D6628DD-9323-4FB1-8375-B800C93E4530}.Debug|Any CPU.ActiveCfg = Debug|Any CPU
		{2D6628DD-9323-4FB1-8375-B800C93E4530}.Debug|Any CPU.Build.0 = Debug|Any CPU
		{2D6628DD-9323-4FB1-8375-B800C93E4530}.Release|Any CPU.ActiveCfg = Release|Any CPU
		{2D6628DD-9323-4FB1-8375-B800C93E4530}.Release|Any CPU.Build.0 = Release|Any CPU
	EndGlobalSection
	GlobalSection(SolutionProperties) = preSolution
		HideSolutionNode = FALSE
	EndGlobalSection
	GlobalSection(ExtensibilityGlobals) = postSolution
		SolutionGuid = {437CEBA2-A41F-41D1-8E40-569A52944974}
	EndGlobalSection
EndGlobal
